// !$*UTF8*$!
{
	archiveVersion = 1;
	classes = {
	};
	objectVersion = 55;
	objects = {

/* Begin PBXBuildFile section */
		5408F02128911EE8007D8EFB /* EditUserView.swift in Sources */ = {isa = PBXBuildFile; fileRef = 5408F02028911EE8007D8EFB /* EditUserView.swift */; };
		540D2E36288971AE00DBB512 /* MeetingsApp.swift in Sources */ = {isa = PBXBuildFile; fileRef = 540D2E35288971AE00DBB512 /* MeetingsApp.swift */; };
		540D2E38288971AE00DBB512 /* ContentView.swift in Sources */ = {isa = PBXBuildFile; fileRef = 540D2E37288971AE00DBB512 /* ContentView.swift */; };
		540D2E3A288971AF00DBB512 /* Assets.xcassets in Resources */ = {isa = PBXBuildFile; fileRef = 540D2E39288971AF00DBB512 /* Assets.xcassets */; };
		540D2E3D288971AF00DBB512 /* Preview Assets.xcassets in Resources */ = {isa = PBXBuildFile; fileRef = 540D2E3C288971AF00DBB512 /* Preview Assets.xcassets */; };
		540D2E442889731A00DBB512 /* FirstView.swift in Sources */ = {isa = PBXBuildFile; fileRef = 540D2E432889731A00DBB512 /* FirstView.swift */; };
		540D2E472889733A00DBB512 /* AccountView.swift in Sources */ = {isa = PBXBuildFile; fileRef = 540D2E462889733A00DBB512 /* AccountView.swift */; };
		540D2E492889734800DBB512 /* ThreadView.swift in Sources */ = {isa = PBXBuildFile; fileRef = 540D2E482889734800DBB512 /* ThreadView.swift */; };
		540D2E4B288974B900DBB512 /* CreateThreadView.swift in Sources */ = {isa = PBXBuildFile; fileRef = 540D2E4A288974B900DBB512 /* CreateThreadView.swift */; };
		540D2E4D2889775600DBB512 /* CreateCommentView.swift in Sources */ = {isa = PBXBuildFile; fileRef = 540D2E4C2889775600DBB512 /* CreateCommentView.swift */; };
		540D2E502889797F00DBB512 /* FirebaseAuth in Frameworks */ = {isa = PBXBuildFile; productRef = 540D2E4F2889797F00DBB512 /* FirebaseAuth */; };
		540D2E522889797F00DBB512 /* FirebaseFirestore in Frameworks */ = {isa = PBXBuildFile; productRef = 540D2E512889797F00DBB512 /* FirebaseFirestore */; };
		540D2E542889797F00DBB512 /* FirebaseStorage in Frameworks */ = {isa = PBXBuildFile; productRef = 540D2E532889797F00DBB512 /* FirebaseStorage */; };
		540D2E592889811000DBB512 /* Thread.swift in Sources */ = {isa = PBXBuildFile; fileRef = 540D2E582889811000DBB512 /* Thread.swift */; };
		540D2E5C2889830200DBB512 /* ThreadsByCreatedAtViewModel.swift in Sources */ = {isa = PBXBuildFile; fileRef = 540D2E5B2889830200DBB512 /* ThreadsByCreatedAtViewModel.swift */; };
		540D2E61288985CB00DBB512 /* ThreadRow.swift in Sources */ = {isa = PBXBuildFile; fileRef = 540D2E60288985CB00DBB512 /* ThreadRow.swift */; };
		5410EA81288BBBC600F4A29B /* FireAuth.swift in Sources */ = {isa = PBXBuildFile; fileRef = 5410EA80288BBBC600F4A29B /* FireAuth.swift */; };
		5410EA83288BBD5900F4A29B /* SignInStateViewModel.swift in Sources */ = {isa = PBXBuildFile; fileRef = 5410EA82288BBD5900F4A29B /* SignInStateViewModel.swift */; };
		5410EA85288BC00C00F4A29B /* SignUpView.swift in Sources */ = {isa = PBXBuildFile; fileRef = 5410EA84288BC00C00F4A29B /* SignUpView.swift */; };
		5410EA87288BC71E00F4A29B /* FireUser.swift in Sources */ = {isa = PBXBuildFile; fileRef = 5410EA86288BC71E00F4A29B /* FireUser.swift */; };
		5410EA89288BCF7600F4A29B /* SignInView.swift in Sources */ = {isa = PBXBuildFile; fileRef = 5410EA88288BCF7600F4A29B /* SignInView.swift */; };
		5410EA8B288BDF8B00F4A29B /* UserView.swift in Sources */ = {isa = PBXBuildFile; fileRef = 5410EA8A288BDF8B00F4A29B /* UserView.swift */; };
		5410EA91288BEA3900F4A29B /* User.swift in Sources */ = {isa = PBXBuildFile; fileRef = 5410EA90288BEA3900F4A29B /* User.swift */; };
		5410EA93288C280F00F4A29B /* FireThread.swift in Sources */ = {isa = PBXBuildFile; fileRef = 5410EA92288C280F00F4A29B /* FireThread.swift */; };
		5410EA95288C2E8E00F4A29B /* FireComment.swift in Sources */ = {isa = PBXBuildFile; fileRef = 5410EA94288C2E8E00F4A29B /* FireComment.swift */; };
		5410EA97288C2FCC00F4A29B /* GuidedTextEditor.swift in Sources */ = {isa = PBXBuildFile; fileRef = 5410EA96288C2FCC00F4A29B /* GuidedTextEditor.swift */; };
		5410EA9B288C379200F4A29B /* Comment.swift in Sources */ = {isa = PBXBuildFile; fileRef = 5410EA9A288C379200F4A29B /* Comment.swift */; };
		5410EA9D288C380300F4A29B /* CommentsViewModel.swift in Sources */ = {isa = PBXBuildFile; fileRef = 5410EA9C288C380300F4A29B /* CommentsViewModel.swift */; };
		5410EA9F288C3C6800F4A29B /* CommentRow.swift in Sources */ = {isa = PBXBuildFile; fileRef = 5410EA9E288C3C6800F4A29B /* CommentRow.swift */; };
		5410EAA1288C453200F4A29B /* EditDate.swift in Sources */ = {isa = PBXBuildFile; fileRef = 5410EAA0288C453200F4A29B /* EditDate.swift */; };
		542326CC2893A78400AC31BE /* ImageView.swift in Sources */ = {isa = PBXBuildFile; fileRef = 542326CB2893A78400AC31BE /* ImageView.swift */; };
		5441B58028DA0A7F00E545D5 /* RecentlyUsedTagsSection.swift in Sources */ = {isa = PBXBuildFile; fileRef = 5441B57F28DA0A7F00E545D5 /* RecentlyUsedTagsSection.swift */; };
		5441B58428DA110E00E545D5 /* SignInMenuOrProfileButton.swift in Sources */ = {isa = PBXBuildFile; fileRef = 5441B58328DA110E00E545D5 /* SignInMenuOrProfileButton.swift */; };
		5441B58628DA201D00E545D5 /* SearchList.swift in Sources */ = {isa = PBXBuildFile; fileRef = 5441B58528DA201D00E545D5 /* SearchList.swift */; };
		5441B58828DA240F00E545D5 /* SearchResultsSection.swift in Sources */ = {isa = PBXBuildFile; fileRef = 5441B58728DA240F00E545D5 /* SearchResultsSection.swift */; };
		5441B58A28DA287500E545D5 /* SearchHistorySection.swift in Sources */ = {isa = PBXBuildFile; fileRef = 5441B58928DA287500E545D5 /* SearchHistorySection.swift */; };
		5441B58C28DA289B00E545D5 /* SearchSuggestionsSection.swift in Sources */ = {isa = PBXBuildFile; fileRef = 5441B58B28DA289B00E545D5 /* SearchSuggestionsSection.swift */; };
		5441B58E28DA298A00E545D5 /* SearchedThreadsGroup.swift in Sources */ = {isa = PBXBuildFile; fileRef = 5441B58D28DA298A00E545D5 /* SearchedThreadsGroup.swift */; };
		5441B59028DA309300E545D5 /* ThirdView.swift in Sources */ = {isa = PBXBuildFile; fileRef = 5441B58F28DA309300E545D5 /* ThirdView.swift */; };
		5441B59228DAA58C00E545D5 /* CommentsLikedByUserGroup.swift in Sources */ = {isa = PBXBuildFile; fileRef = 5441B59128DAA58C00E545D5 /* CommentsLikedByUserGroup.swift */; };
		5441B59428DAFC8500E545D5 /* SearchedCommentsGroup.swift in Sources */ = {isa = PBXBuildFile; fileRef = 5441B59328DAFC8500E545D5 /* SearchedCommentsGroup.swift */; };
		5441B59628DAFFCA00E545D5 /* SearchedUsersGroup.swift in Sources */ = {isa = PBXBuildFile; fileRef = 5441B59528DAFFCA00E545D5 /* SearchedUsersGroup.swift */; };
		5441B59828DB00EA00E545D5 /* UserRow.swift in Sources */ = {isa = PBXBuildFile; fileRef = 5441B59728DB00EA00E545D5 /* UserRow.swift */; };
		5441B59A28DB124200E545D5 /* RecentlyCreatedThreadsSection.swift in Sources */ = {isa = PBXBuildFile; fileRef = 5441B59928DB124200E545D5 /* RecentlyCreatedThreadsSection.swift */; };
		5441B59C28DB7A7000E545D5 /* RecentlyCommentedThreadsSection.swift in Sources */ = {isa = PBXBuildFile; fileRef = 5441B59B28DB7A7000E545D5 /* RecentlyCommentedThreadsSection.swift */; };
		5441B59E28DB7E5500E545D5 /* ThreadsByCommentedAtViewModel.swift in Sources */ = {isa = PBXBuildFile; fileRef = 5441B59D28DB7E5500E545D5 /* ThreadsByCommentedAtViewModel.swift */; };
		54454E4528D5D6CD008B3B4B /* Localizable.strings in Resources */ = {isa = PBXBuildFile; fileRef = 54454E4728D5D6CD008B3B4B /* Localizable.strings */; };
		544D591C28922AA00056C244 /* CreateReportView.swift in Sources */ = {isa = PBXBuildFile; fileRef = 544D591B28922AA00056C244 /* CreateReportView.swift */; };
		544D591E289249690056C244 /* FireReport.swift in Sources */ = {isa = PBXBuildFile; fileRef = 544D591D289249690056C244 /* FireReport.swift */; };
		544D5920289272760056C244 /* ImagesPickerView.swift in Sources */ = {isa = PBXBuildFile; fileRef = 544D591F289272760056C244 /* ImagesPickerView.swift */; };
		5489709528D4552A0045DFAA /* UserDisplayNameText.swift in Sources */ = {isa = PBXBuildFile; fileRef = 5489709428D4552A0045DFAA /* UserDisplayNameText.swift */; };
		5489709728D455AB0045DFAA /* UserUserTagText.swift in Sources */ = {isa = PBXBuildFile; fileRef = 5489709628D455AB0045DFAA /* UserUserTagText.swift */; };
		548D4B5828DCA6E400677490 /* FloatingActionButton.swift in Sources */ = {isa = PBXBuildFile; fileRef = 548D4B5728DCA6E400677490 /* FloatingActionButton.swift */; };
		548D4B5A28DD7A7700677490 /* LatestThreadWithImageSection.swift in Sources */ = {isa = PBXBuildFile; fileRef = 548D4B5928DD7A7700677490 /* LatestThreadWithImageSection.swift */; };
		54A1F1AA28D48C9A00CF05C3 /* Introspect in Frameworks */ = {isa = PBXBuildFile; productRef = 54A1F1A928D48C9A00CF05C3 /* Introspect */; };
		54C3441E288F944E00468A94 /* SDWebImageSwiftUI in Frameworks */ = {isa = PBXBuildFile; productRef = 54C3441D288F944E00468A94 /* SDWebImageSwiftUI */; };
		54C41DED28936252007B5631 /* CommentView.swift in Sources */ = {isa = PBXBuildFile; fileRef = 54C41DEC28936252007B5631 /* CommentView.swift */; };
		54C41DEF28936C4C007B5631 /* CommentMenu.swift in Sources */ = {isa = PBXBuildFile; fileRef = 54C41DEE28936C4C007B5631 /* CommentMenu.swift */; };
		54C41DF128936D1B007B5631 /* CommentImagesRow.swift in Sources */ = {isa = PBXBuildFile; fileRef = 54C41DF028936D1B007B5631 /* CommentImagesRow.swift */; };
		54C41DF328936DA7007B5631 /* CommentReactionRow.swift in Sources */ = {isa = PBXBuildFile; fileRef = 54C41DF228936DA7007B5631 /* CommentReactionRow.swift */; };
		54C41DF528936E9C007B5631 /* CommentThreadTitleRow.swift in Sources */ = {isa = PBXBuildFile; fileRef = 54C41DF428936E9C007B5631 /* CommentThreadTitleRow.swift */; };
		54C41DF728937059007B5631 /* UserIconImage.swift in Sources */ = {isa = PBXBuildFile; fileRef = 54C41DF628937059007B5631 /* UserIconImage.swift */; };
		54C41DFB289375E1007B5631 /* UserIconButton.swift in Sources */ = {isa = PBXBuildFile; fileRef = 54C41DFA289375E1007B5631 /* UserIconButton.swift */; };
		54C5D66E2892D7EF005AE7D4 /* CommentImage.swift in Sources */ = {isa = PBXBuildFile; fileRef = 54C5D66D2892D7EF005AE7D4 /* CommentImage.swift */; };
		54CE7F70289199A90064F2AF /* ImagePickerView.swift in Sources */ = {isa = PBXBuildFile; fileRef = 54CE7F6F289199A90064F2AF /* ImagePickerView.swift */; };
		54CE7F72289199C90064F2AF /* EditImage.swift in Sources */ = {isa = PBXBuildFile; fileRef = 54CE7F71289199C90064F2AF /* EditImage.swift */; };
		54CE7F7428921CB10064F2AF /* FireImage.swift in Sources */ = {isa = PBXBuildFile; fileRef = 54CE7F7328921CB10064F2AF /* FireImage.swift */; };
		54DC77A0288E4DDB00296419 /* SimpleTabBar.swift in Sources */ = {isa = PBXBuildFile; fileRef = 54DC779F288E4DDB00296419 /* SimpleTabBar.swift */; };
		54DC77A2288E512800296419 /* CommentsPostedByUserGroup.swift in Sources */ = {isa = PBXBuildFile; fileRef = 54DC77A1288E512800296419 /* CommentsPostedByUserGroup.swift */; };
		54E84B9D28DF5025002C9D83 /* GoogleService-Info.plist in Resources */ = {isa = PBXBuildFile; fileRef = 54E84B9C28DF5025002C9D83 /* GoogleService-Info.plist */; };
		54F501BB28DF7C82003282DB /* LikeNotificationRow.swift in Sources */ = {isa = PBXBuildFile; fileRef = 54F501BA28DF7C82003282DB /* LikeNotificationRow.swift */; };
		54F501BD28E08FB1003282DB /* Notification.swift in Sources */ = {isa = PBXBuildFile; fileRef = 54F501BC28E08FB1003282DB /* Notification.swift */; };
		54F501BF28E0907B003282DB /* FireNotification.swift in Sources */ = {isa = PBXBuildFile; fileRef = 54F501BE28E0907B003282DB /* FireNotification.swift */; };
		54F501C128E09119003282DB /* NotificationsViewModel.swift in Sources */ = {isa = PBXBuildFile; fileRef = 54F501C028E09119003282DB /* NotificationsViewModel.swift */; };
		54F501C328E0942B003282DB /* NotificationsList.swift in Sources */ = {isa = PBXBuildFile; fileRef = 54F501C228E0942B003282DB /* NotificationsList.swift */; };
		54FB73D428D989E400B88525 /* SecondView.swift in Sources */ = {isa = PBXBuildFile; fileRef = 54FB73D328D989E400B88525 /* SecondView.swift */; };
		54FB73D628D9AB8E00B88525 /* TagRow.swift in Sources */ = {isa = PBXBuildFile; fileRef = 54FB73D528D9AB8E00B88525 /* TagRow.swift */; };
/* End PBXBuildFile section */

/* Begin PBXFileReference section */
		5408F02028911EE8007D8EFB /* EditUserView.swift */ = {isa = PBXFileReference; lastKnownFileType = sourcecode.swift; path = EditUserView.swift; sourceTree = "<group>"; };
		540D2E32288971AE00DBB512 /* Meetings.app */ = {isa = PBXFileReference; explicitFileType = wrapper.application; includeInIndex = 0; path = Meetings.app; sourceTree = BUILT_PRODUCTS_DIR; };
		540D2E35288971AE00DBB512 /* MeetingsApp.swift */ = {isa = PBXFileReference; lastKnownFileType = sourcecode.swift; path = MeetingsApp.swift; sourceTree = "<group>"; };
		540D2E37288971AE00DBB512 /* ContentView.swift */ = {isa = PBXFileReference; lastKnownFileType = sourcecode.swift; path = ContentView.swift; sourceTree = "<group>"; };
		540D2E39288971AF00DBB512 /* Assets.xcassets */ = {isa = PBXFileReference; lastKnownFileType = folder.assetcatalog; path = Assets.xcassets; sourceTree = "<group>"; };
		540D2E3C288971AF00DBB512 /* Preview Assets.xcassets */ = {isa = PBXFileReference; lastKnownFileType = folder.assetcatalog; path = "Preview Assets.xcassets"; sourceTree = "<group>"; };
		540D2E432889731A00DBB512 /* FirstView.swift */ = {isa = PBXFileReference; lastKnownFileType = sourcecode.swift; path = FirstView.swift; sourceTree = "<group>"; };
		540D2E462889733A00DBB512 /* AccountView.swift */ = {isa = PBXFileReference; lastKnownFileType = sourcecode.swift; path = AccountView.swift; sourceTree = "<group>"; };
		540D2E482889734800DBB512 /* ThreadView.swift */ = {isa = PBXFileReference; lastKnownFileType = sourcecode.swift; path = ThreadView.swift; sourceTree = "<group>"; };
		540D2E4A288974B900DBB512 /* CreateThreadView.swift */ = {isa = PBXFileReference; lastKnownFileType = sourcecode.swift; path = CreateThreadView.swift; sourceTree = "<group>"; };
		540D2E4C2889775600DBB512 /* CreateCommentView.swift */ = {isa = PBXFileReference; lastKnownFileType = sourcecode.swift; path = CreateCommentView.swift; sourceTree = "<group>"; };
		540D2E582889811000DBB512 /* Thread.swift */ = {isa = PBXFileReference; lastKnownFileType = sourcecode.swift; path = Thread.swift; sourceTree = "<group>"; };
		540D2E5B2889830200DBB512 /* ThreadsByCreatedAtViewModel.swift */ = {isa = PBXFileReference; lastKnownFileType = sourcecode.swift; path = ThreadsByCreatedAtViewModel.swift; sourceTree = "<group>"; };
		540D2E60288985CB00DBB512 /* ThreadRow.swift */ = {isa = PBXFileReference; lastKnownFileType = sourcecode.swift; path = ThreadRow.swift; sourceTree = "<group>"; };
		5410EA80288BBBC600F4A29B /* FireAuth.swift */ = {isa = PBXFileReference; lastKnownFileType = sourcecode.swift; path = FireAuth.swift; sourceTree = "<group>"; };
		5410EA82288BBD5900F4A29B /* SignInStateViewModel.swift */ = {isa = PBXFileReference; lastKnownFileType = sourcecode.swift; path = SignInStateViewModel.swift; sourceTree = "<group>"; };
		5410EA84288BC00C00F4A29B /* SignUpView.swift */ = {isa = PBXFileReference; lastKnownFileType = sourcecode.swift; path = SignUpView.swift; sourceTree = "<group>"; };
		5410EA86288BC71E00F4A29B /* FireUser.swift */ = {isa = PBXFileReference; lastKnownFileType = sourcecode.swift; path = FireUser.swift; sourceTree = "<group>"; };
		5410EA88288BCF7600F4A29B /* SignInView.swift */ = {isa = PBXFileReference; lastKnownFileType = sourcecode.swift; path = SignInView.swift; sourceTree = "<group>"; };
		5410EA8A288BDF8B00F4A29B /* UserView.swift */ = {isa = PBXFileReference; lastKnownFileType = sourcecode.swift; path = UserView.swift; sourceTree = "<group>"; };
		5410EA90288BEA3900F4A29B /* User.swift */ = {isa = PBXFileReference; lastKnownFileType = sourcecode.swift; path = User.swift; sourceTree = "<group>"; };
		5410EA92288C280F00F4A29B /* FireThread.swift */ = {isa = PBXFileReference; lastKnownFileType = sourcecode.swift; path = FireThread.swift; sourceTree = "<group>"; };
		5410EA94288C2E8E00F4A29B /* FireComment.swift */ = {isa = PBXFileReference; lastKnownFileType = sourcecode.swift; path = FireComment.swift; sourceTree = "<group>"; };
		5410EA96288C2FCC00F4A29B /* GuidedTextEditor.swift */ = {isa = PBXFileReference; lastKnownFileType = sourcecode.swift; path = GuidedTextEditor.swift; sourceTree = "<group>"; };
		5410EA9A288C379200F4A29B /* Comment.swift */ = {isa = PBXFileReference; lastKnownFileType = sourcecode.swift; path = Comment.swift; sourceTree = "<group>"; };
		5410EA9C288C380300F4A29B /* CommentsViewModel.swift */ = {isa = PBXFileReference; lastKnownFileType = sourcecode.swift; path = CommentsViewModel.swift; sourceTree = "<group>"; };
		5410EA9E288C3C6800F4A29B /* CommentRow.swift */ = {isa = PBXFileReference; lastKnownFileType = sourcecode.swift; path = CommentRow.swift; sourceTree = "<group>"; };
		5410EAA0288C453200F4A29B /* EditDate.swift */ = {isa = PBXFileReference; lastKnownFileType = sourcecode.swift; path = EditDate.swift; sourceTree = "<group>"; };
		542326CB2893A78400AC31BE /* ImageView.swift */ = {isa = PBXFileReference; lastKnownFileType = sourcecode.swift; path = ImageView.swift; sourceTree = "<group>"; };
		5441B57F28DA0A7F00E545D5 /* RecentlyUsedTagsSection.swift */ = {isa = PBXFileReference; lastKnownFileType = sourcecode.swift; path = RecentlyUsedTagsSection.swift; sourceTree = "<group>"; };
		5441B58328DA110E00E545D5 /* SignInMenuOrProfileButton.swift */ = {isa = PBXFileReference; lastKnownFileType = sourcecode.swift; path = SignInMenuOrProfileButton.swift; sourceTree = "<group>"; };
		5441B58528DA201D00E545D5 /* SearchList.swift */ = {isa = PBXFileReference; lastKnownFileType = sourcecode.swift; path = SearchList.swift; sourceTree = "<group>"; };
		5441B58728DA240F00E545D5 /* SearchResultsSection.swift */ = {isa = PBXFileReference; lastKnownFileType = sourcecode.swift; path = SearchResultsSection.swift; sourceTree = "<group>"; };
		5441B58928DA287500E545D5 /* SearchHistorySection.swift */ = {isa = PBXFileReference; lastKnownFileType = sourcecode.swift; path = SearchHistorySection.swift; sourceTree = "<group>"; };
		5441B58B28DA289B00E545D5 /* SearchSuggestionsSection.swift */ = {isa = PBXFileReference; lastKnownFileType = sourcecode.swift; path = SearchSuggestionsSection.swift; sourceTree = "<group>"; };
		5441B58D28DA298A00E545D5 /* SearchedThreadsGroup.swift */ = {isa = PBXFileReference; lastKnownFileType = sourcecode.swift; path = SearchedThreadsGroup.swift; sourceTree = "<group>"; };
		5441B58F28DA309300E545D5 /* ThirdView.swift */ = {isa = PBXFileReference; lastKnownFileType = sourcecode.swift; path = ThirdView.swift; sourceTree = "<group>"; };
		5441B59128DAA58C00E545D5 /* CommentsLikedByUserGroup.swift */ = {isa = PBXFileReference; lastKnownFileType = sourcecode.swift; path = CommentsLikedByUserGroup.swift; sourceTree = "<group>"; };
		5441B59328DAFC8500E545D5 /* SearchedCommentsGroup.swift */ = {isa = PBXFileReference; lastKnownFileType = sourcecode.swift; path = SearchedCommentsGroup.swift; sourceTree = "<group>"; };
		5441B59528DAFFCA00E545D5 /* SearchedUsersGroup.swift */ = {isa = PBXFileReference; lastKnownFileType = sourcecode.swift; path = SearchedUsersGroup.swift; sourceTree = "<group>"; };
		5441B59728DB00EA00E545D5 /* UserRow.swift */ = {isa = PBXFileReference; lastKnownFileType = sourcecode.swift; path = UserRow.swift; sourceTree = "<group>"; };
		5441B59928DB124200E545D5 /* RecentlyCreatedThreadsSection.swift */ = {isa = PBXFileReference; lastKnownFileType = sourcecode.swift; path = RecentlyCreatedThreadsSection.swift; sourceTree = "<group>"; };
		5441B59B28DB7A7000E545D5 /* RecentlyCommentedThreadsSection.swift */ = {isa = PBXFileReference; lastKnownFileType = sourcecode.swift; path = RecentlyCommentedThreadsSection.swift; sourceTree = "<group>"; };
		5441B59D28DB7E5500E545D5 /* ThreadsByCommentedAtViewModel.swift */ = {isa = PBXFileReference; lastKnownFileType = sourcecode.swift; path = ThreadsByCommentedAtViewModel.swift; sourceTree = "<group>"; };
		54454E4628D5D6CD008B3B4B /* en */ = {isa = PBXFileReference; lastKnownFileType = text.plist.strings; name = en; path = en.lproj/Localizable.strings; sourceTree = "<group>"; };
		54454E4828D5D6D1008B3B4B /* ja */ = {isa = PBXFileReference; lastKnownFileType = text.plist.strings; name = ja; path = ja.lproj/Localizable.strings; sourceTree = "<group>"; };
		544D591B28922AA00056C244 /* CreateReportView.swift */ = {isa = PBXFileReference; lastKnownFileType = sourcecode.swift; path = CreateReportView.swift; sourceTree = "<group>"; };
		544D591D289249690056C244 /* FireReport.swift */ = {isa = PBXFileReference; lastKnownFileType = sourcecode.swift; path = FireReport.swift; sourceTree = "<group>"; };
		544D591F289272760056C244 /* ImagesPickerView.swift */ = {isa = PBXFileReference; lastKnownFileType = sourcecode.swift; path = ImagesPickerView.swift; sourceTree = "<group>"; };
		5489709428D4552A0045DFAA /* UserDisplayNameText.swift */ = {isa = PBXFileReference; lastKnownFileType = sourcecode.swift; path = UserDisplayNameText.swift; sourceTree = "<group>"; };
		5489709628D455AB0045DFAA /* UserUserTagText.swift */ = {isa = PBXFileReference; lastKnownFileType = sourcecode.swift; path = UserUserTagText.swift; sourceTree = "<group>"; };
		548D4B5728DCA6E400677490 /* FloatingActionButton.swift */ = {isa = PBXFileReference; lastKnownFileType = sourcecode.swift; path = FloatingActionButton.swift; sourceTree = "<group>"; };
		548D4B5928DD7A7700677490 /* LatestThreadWithImageSection.swift */ = {isa = PBXFileReference; lastKnownFileType = sourcecode.swift; path = LatestThreadWithImageSection.swift; sourceTree = "<group>"; };
		54C41DEC28936252007B5631 /* CommentView.swift */ = {isa = PBXFileReference; lastKnownFileType = sourcecode.swift; path = CommentView.swift; sourceTree = "<group>"; };
		54C41DEE28936C4C007B5631 /* CommentMenu.swift */ = {isa = PBXFileReference; lastKnownFileType = sourcecode.swift; path = CommentMenu.swift; sourceTree = "<group>"; };
		54C41DF028936D1B007B5631 /* CommentImagesRow.swift */ = {isa = PBXFileReference; lastKnownFileType = sourcecode.swift; path = CommentImagesRow.swift; sourceTree = "<group>"; };
		54C41DF228936DA7007B5631 /* CommentReactionRow.swift */ = {isa = PBXFileReference; lastKnownFileType = sourcecode.swift; path = CommentReactionRow.swift; sourceTree = "<group>"; };
		54C41DF428936E9C007B5631 /* CommentThreadTitleRow.swift */ = {isa = PBXFileReference; lastKnownFileType = sourcecode.swift; path = CommentThreadTitleRow.swift; sourceTree = "<group>"; };
		54C41DF628937059007B5631 /* UserIconImage.swift */ = {isa = PBXFileReference; lastKnownFileType = sourcecode.swift; path = UserIconImage.swift; sourceTree = "<group>"; };
		54C41DFA289375E1007B5631 /* UserIconButton.swift */ = {isa = PBXFileReference; lastKnownFileType = sourcecode.swift; path = UserIconButton.swift; sourceTree = "<group>"; };
		54C5D66D2892D7EF005AE7D4 /* CommentImage.swift */ = {isa = PBXFileReference; lastKnownFileType = sourcecode.swift; path = CommentImage.swift; sourceTree = "<group>"; };
		54CE7F6F289199A90064F2AF /* ImagePickerView.swift */ = {isa = PBXFileReference; lastKnownFileType = sourcecode.swift; path = ImagePickerView.swift; sourceTree = "<group>"; };
		54CE7F71289199C90064F2AF /* EditImage.swift */ = {isa = PBXFileReference; lastKnownFileType = sourcecode.swift; path = EditImage.swift; sourceTree = "<group>"; };
		54CE7F7328921CB10064F2AF /* FireImage.swift */ = {isa = PBXFileReference; lastKnownFileType = sourcecode.swift; path = FireImage.swift; sourceTree = "<group>"; };
		54DC779F288E4DDB00296419 /* SimpleTabBar.swift */ = {isa = PBXFileReference; lastKnownFileType = sourcecode.swift; path = SimpleTabBar.swift; sourceTree = "<group>"; };
		54DC77A1288E512800296419 /* CommentsPostedByUserGroup.swift */ = {isa = PBXFileReference; lastKnownFileType = sourcecode.swift; path = CommentsPostedByUserGroup.swift; sourceTree = "<group>"; };
		54E84B9C28DF5025002C9D83 /* GoogleService-Info.plist */ = {isa = PBXFileReference; fileEncoding = 4; lastKnownFileType = text.plist.xml; path = "GoogleService-Info.plist"; sourceTree = "<group>"; };
		54F501BA28DF7C82003282DB /* LikeNotificationRow.swift */ = {isa = PBXFileReference; lastKnownFileType = sourcecode.swift; path = LikeNotificationRow.swift; sourceTree = "<group>"; };
		54F501BC28E08FB1003282DB /* Notification.swift */ = {isa = PBXFileReference; lastKnownFileType = sourcecode.swift; path = Notification.swift; sourceTree = "<group>"; };
		54F501BE28E0907B003282DB /* FireNotification.swift */ = {isa = PBXFileReference; lastKnownFileType = sourcecode.swift; path = FireNotification.swift; sourceTree = "<group>"; };
		54F501C028E09119003282DB /* NotificationsViewModel.swift */ = {isa = PBXFileReference; lastKnownFileType = sourcecode.swift; path = NotificationsViewModel.swift; sourceTree = "<group>"; };
		54F501C228E0942B003282DB /* NotificationsList.swift */ = {isa = PBXFileReference; lastKnownFileType = sourcecode.swift; path = NotificationsList.swift; sourceTree = "<group>"; };
		54FB73D328D989E400B88525 /* SecondView.swift */ = {isa = PBXFileReference; lastKnownFileType = sourcecode.swift; path = SecondView.swift; sourceTree = "<group>"; };
		54FB73D528D9AB8E00B88525 /* TagRow.swift */ = {isa = PBXFileReference; lastKnownFileType = sourcecode.swift; path = TagRow.swift; sourceTree = "<group>"; };
/* End PBXFileReference section */

/* Begin PBXFrameworksBuildPhase section */
		540D2E2F288971AE00DBB512 /* Frameworks */ = {
			isa = PBXFrameworksBuildPhase;
			buildActionMask = 2147483647;
			files = (
				54C3441E288F944E00468A94 /* SDWebImageSwiftUI in Frameworks */,
				540D2E502889797F00DBB512 /* FirebaseAuth in Frameworks */,
				54A1F1AA28D48C9A00CF05C3 /* Introspect in Frameworks */,
				540D2E522889797F00DBB512 /* FirebaseFirestore in Frameworks */,
				540D2E542889797F00DBB512 /* FirebaseStorage in Frameworks */,
			);
			runOnlyForDeploymentPostprocessing = 0;
		};
/* End PBXFrameworksBuildPhase section */

/* Begin PBXGroup section */
		540D2E29288971AE00DBB512 = {
			isa = PBXGroup;
			children = (
				540D2E34288971AE00DBB512 /* Meetings */,
				540D2E33288971AE00DBB512 /* Products */,
			);
			sourceTree = "<group>";
		};
		540D2E33288971AE00DBB512 /* Products */ = {
			isa = PBXGroup;
			children = (
				540D2E32288971AE00DBB512 /* Meetings.app */,
			);
			name = Products;
			sourceTree = "<group>";
		};
		540D2E34288971AE00DBB512 /* Meetings */ = {
			isa = PBXGroup;
			children = (
				54E84B9C28DF5025002C9D83 /* GoogleService-Info.plist */,
				540D2E35288971AE00DBB512 /* MeetingsApp.swift */,
				540D2E452889732000DBB512 /* Views */,
				540D2E5D288985A100DBB512 /* Components */,
				540D2E57288980FD00DBB512 /* Entities */,
				540D2E5A288982D900DBB512 /* ViewModels */,
				5410EA7F288BBB9600F4A29B /* Utilities */,
				540D2E39288971AF00DBB512 /* Assets.xcassets */,
				54454E4728D5D6CD008B3B4B /* Localizable.strings */,
				540D2E3B288971AF00DBB512 /* Preview Content */,
			);
			path = Meetings;
			sourceTree = "<group>";
		};
		540D2E3B288971AF00DBB512 /* Preview Content */ = {
			isa = PBXGroup;
			children = (
				540D2E3C288971AF00DBB512 /* Preview Assets.xcassets */,
			);
			path = "Preview Content";
			sourceTree = "<group>";
		};
		540D2E452889732000DBB512 /* Views */ = {
			isa = PBXGroup;
			children = (
				540D2E37288971AE00DBB512 /* ContentView.swift */,
				540D2E432889731A00DBB512 /* FirstView.swift */,
				5441B59928DB124200E545D5 /* RecentlyCreatedThreadsSection.swift */,
				5441B59B28DB7A7000E545D5 /* RecentlyCommentedThreadsSection.swift */,
				5410EA84288BC00C00F4A29B /* SignUpView.swift */,
				5410EA88288BCF7600F4A29B /* SignInView.swift */,
				5410EA8A288BDF8B00F4A29B /* UserView.swift */,
				5408F02028911EE8007D8EFB /* EditUserView.swift */,
				54CE7F6F289199A90064F2AF /* ImagePickerView.swift */,
				540D2E462889733A00DBB512 /* AccountView.swift */,
				540D2E4A288974B900DBB512 /* CreateThreadView.swift */,
				544D591B28922AA00056C244 /* CreateReportView.swift */,
				540D2E482889734800DBB512 /* ThreadView.swift */,
				542326CB2893A78400AC31BE /* ImageView.swift */,
				54C41DEC28936252007B5631 /* CommentView.swift */,
				540D2E4C2889775600DBB512 /* CreateCommentView.swift */,
				544D591F289272760056C244 /* ImagesPickerView.swift */,
				54FB73D328D989E400B88525 /* SecondView.swift */,
				5441B58F28DA309300E545D5 /* ThirdView.swift */,
			);
			path = Views;
			sourceTree = "<group>";
		};
		540D2E57288980FD00DBB512 /* Entities */ = {
			isa = PBXGroup;
			children = (
				5410EA90288BEA3900F4A29B /* User.swift */,
				540D2E582889811000DBB512 /* Thread.swift */,
				5410EA9A288C379200F4A29B /* Comment.swift */,
				54F501BC28E08FB1003282DB /* Notification.swift */,
			);
			path = Entities;
			sourceTree = "<group>";
		};
		540D2E5A288982D900DBB512 /* ViewModels */ = {
			isa = PBXGroup;
			children = (
				5410EA82288BBD5900F4A29B /* SignInStateViewModel.swift */,
				540D2E5B2889830200DBB512 /* ThreadsByCreatedAtViewModel.swift */,
				5441B59D28DB7E5500E545D5 /* ThreadsByCommentedAtViewModel.swift */,
				5410EA9C288C380300F4A29B /* CommentsViewModel.swift */,
				54F501C028E09119003282DB /* NotificationsViewModel.swift */,
			);
			path = ViewModels;
			sourceTree = "<group>";
		};
		540D2E5D288985A100DBB512 /* Components */ = {
			isa = PBXGroup;
			children = (
				5410EA96288C2FCC00F4A29B /* GuidedTextEditor.swift */,
				54DC779F288E4DDB00296419 /* SimpleTabBar.swift */,
				548D4B5728DCA6E400677490 /* FloatingActionButton.swift */,
				5441B58328DA110E00E545D5 /* SignInMenuOrProfileButton.swift */,
				54C41DF628937059007B5631 /* UserIconImage.swift */,
				54C41DFA289375E1007B5631 /* UserIconButton.swift */,
				5489709428D4552A0045DFAA /* UserDisplayNameText.swift */,
				5489709628D455AB0045DFAA /* UserUserTagText.swift */,
				540D2E60288985CB00DBB512 /* ThreadRow.swift */,
				5410EA9E288C3C6800F4A29B /* CommentRow.swift */,
				54C5D66D2892D7EF005AE7D4 /* CommentImage.swift */,
				54C41DEE28936C4C007B5631 /* CommentMenu.swift */,
				54C41DF028936D1B007B5631 /* CommentImagesRow.swift */,
				54C41DF228936DA7007B5631 /* CommentReactionRow.swift */,
				54C41DF428936E9C007B5631 /* CommentThreadTitleRow.swift */,
				54DC77A1288E512800296419 /* CommentsPostedByUserGroup.swift */,
				5441B59128DAA58C00E545D5 /* CommentsLikedByUserGroup.swift */,
				5441B58528DA201D00E545D5 /* SearchList.swift */,
				548D4B5928DD7A7700677490 /* LatestThreadWithImageSection.swift */,
				5441B57F28DA0A7F00E545D5 /* RecentlyUsedTagsSection.swift */,
				54FB73D528D9AB8E00B88525 /* TagRow.swift */,
				5441B58928DA287500E545D5 /* SearchHistorySection.swift */,
				5441B58B28DA289B00E545D5 /* SearchSuggestionsSection.swift */,
				5441B58728DA240F00E545D5 /* SearchResultsSection.swift */,
				5441B58D28DA298A00E545D5 /* SearchedThreadsGroup.swift */,
				5441B59328DAFC8500E545D5 /* SearchedCommentsGroup.swift */,
				5441B59528DAFFCA00E545D5 /* SearchedUsersGroup.swift */,
				5441B59728DB00EA00E545D5 /* UserRow.swift */,
				54F501C228E0942B003282DB /* NotificationsList.swift */,
				54F501BA28DF7C82003282DB /* LikeNotificationRow.swift */,
			);
			path = Components;
			sourceTree = "<group>";
		};
		5410EA7F288BBB9600F4A29B /* Utilities */ = {
			isa = PBXGroup;
			children = (
				5410EA80288BBBC600F4A29B /* FireAuth.swift */,
				5410EA86288BC71E00F4A29B /* FireUser.swift */,
				5410EA92288C280F00F4A29B /* FireThread.swift */,
				5410EA94288C2E8E00F4A29B /* FireComment.swift */,
				544D591D289249690056C244 /* FireReport.swift */,
				54F501BE28E0907B003282DB /* FireNotification.swift */,
				54CE7F7328921CB10064F2AF /* FireImage.swift */,
				5410EAA0288C453200F4A29B /* EditDate.swift */,
				54CE7F71289199C90064F2AF /* EditImage.swift */,
			);
			path = Utilities;
			sourceTree = "<group>";
		};
/* End PBXGroup section */

/* Begin PBXNativeTarget section */
		540D2E31288971AE00DBB512 /* Meetings */ = {
			isa = PBXNativeTarget;
			buildConfigurationList = 540D2E40288971AF00DBB512 /* Build configuration list for PBXNativeTarget "Meetings" */;
			buildPhases = (
				540D2E2E288971AE00DBB512 /* Sources */,
				540D2E2F288971AE00DBB512 /* Frameworks */,
				540D2E30288971AE00DBB512 /* Resources */,
			);
			buildRules = (
			);
			dependencies = (
			);
			name = Meetings;
			packageProductDependencies = (
				540D2E4F2889797F00DBB512 /* FirebaseAuth */,
				540D2E512889797F00DBB512 /* FirebaseFirestore */,
				540D2E532889797F00DBB512 /* FirebaseStorage */,
				54C3441D288F944E00468A94 /* SDWebImageSwiftUI */,
				54A1F1A928D48C9A00CF05C3 /* Introspect */,
			);
			productName = Meetings;
			productReference = 540D2E32288971AE00DBB512 /* Meetings.app */;
			productType = "com.apple.product-type.application";
		};
/* End PBXNativeTarget section */

/* Begin PBXProject section */
		540D2E2A288971AE00DBB512 /* Project object */ = {
			isa = PBXProject;
			attributes = {
				BuildIndependentTargetsInParallel = 1;
				LastSwiftUpdateCheck = 1340;
				LastUpgradeCheck = 1340;
				TargetAttributes = {
					540D2E31288971AE00DBB512 = {
						CreatedOnToolsVersion = 13.4.1;
					};
				};
			};
			buildConfigurationList = 540D2E2D288971AE00DBB512 /* Build configuration list for PBXProject "Meetings" */;
			compatibilityVersion = "Xcode 13.0";
			developmentRegion = en;
			hasScannedForEncodings = 0;
			knownRegions = (
				en,
				Base,
				ja,
			);
			mainGroup = 540D2E29288971AE00DBB512;
			packageReferences = (
				540D2E4E2889797F00DBB512 /* XCRemoteSwiftPackageReference "firebase-ios-sdk" */,
				54C3441C288F944E00468A94 /* XCRemoteSwiftPackageReference "SDWebImageSwiftUI" */,
				54A1F1A828D48C9A00CF05C3 /* XCRemoteSwiftPackageReference "SwiftUI-Introspect" */,
			);
			productRefGroup = 540D2E33288971AE00DBB512 /* Products */;
			projectDirPath = "";
			projectRoot = "";
			targets = (
				540D2E31288971AE00DBB512 /* Meetings */,
			);
		};
/* End PBXProject section */

/* Begin PBXResourcesBuildPhase section */
		540D2E30288971AE00DBB512 /* Resources */ = {
			isa = PBXResourcesBuildPhase;
			buildActionMask = 2147483647;
			files = (
				540D2E3D288971AF00DBB512 /* Preview Assets.xcassets in Resources */,
				54E84B9D28DF5025002C9D83 /* GoogleService-Info.plist in Resources */,
				54454E4528D5D6CD008B3B4B /* Localizable.strings in Resources */,
				540D2E3A288971AF00DBB512 /* Assets.xcassets in Resources */,
			);
			runOnlyForDeploymentPostprocessing = 0;
		};
/* End PBXResourcesBuildPhase section */

/* Begin PBXSourcesBuildPhase section */
		540D2E2E288971AE00DBB512 /* Sources */ = {
			isa = PBXSourcesBuildPhase;
			buildActionMask = 2147483647;
			files = (
				544D5920289272760056C244 /* ImagesPickerView.swift in Sources */,
				5441B58428DA110E00E545D5 /* SignInMenuOrProfileButton.swift in Sources */,
				5441B59E28DB7E5500E545D5 /* ThreadsByCommentedAtViewModel.swift in Sources */,
				540D2E4B288974B900DBB512 /* CreateThreadView.swift in Sources */,
				5410EA9B288C379200F4A29B /* Comment.swift in Sources */,
				5410EA81288BBBC600F4A29B /* FireAuth.swift in Sources */,
				540D2E472889733A00DBB512 /* AccountView.swift in Sources */,
				5441B59828DB00EA00E545D5 /* UserRow.swift in Sources */,
				54F501C128E09119003282DB /* NotificationsViewModel.swift in Sources */,
				54C5D66E2892D7EF005AE7D4 /* CommentImage.swift in Sources */,
				5489709528D4552A0045DFAA /* UserDisplayNameText.swift in Sources */,
				540D2E492889734800DBB512 /* ThreadView.swift in Sources */,
				540D2E38288971AE00DBB512 /* ContentView.swift in Sources */,
				5489709728D455AB0045DFAA /* UserUserTagText.swift in Sources */,
				54FB73D628D9AB8E00B88525 /* TagRow.swift in Sources */,
				540D2E442889731A00DBB512 /* FirstView.swift in Sources */,
				54F501BB28DF7C82003282DB /* LikeNotificationRow.swift in Sources */,
				540D2E36288971AE00DBB512 /* MeetingsApp.swift in Sources */,
				5410EAA1288C453200F4A29B /* EditDate.swift in Sources */,
				5410EA95288C2E8E00F4A29B /* FireComment.swift in Sources */,
				5410EA9F288C3C6800F4A29B /* CommentRow.swift in Sources */,
				540D2E5C2889830200DBB512 /* ThreadsByCreatedAtViewModel.swift in Sources */,
				5441B59628DAFFCA00E545D5 /* SearchedUsersGroup.swift in Sources */,
				5441B59C28DB7A7000E545D5 /* RecentlyCommentedThreadsSection.swift in Sources */,
				542326CC2893A78400AC31BE /* ImageView.swift in Sources */,
				54DC77A2288E512800296419 /* CommentsPostedByUserGroup.swift in Sources */,
				5410EA9D288C380300F4A29B /* CommentsViewModel.swift in Sources */,
				5408F02128911EE8007D8EFB /* EditUserView.swift in Sources */,
				54C41DFB289375E1007B5631 /* UserIconButton.swift in Sources */,
				5441B59A28DB124200E545D5 /* RecentlyCreatedThreadsSection.swift in Sources */,
				5410EA8B288BDF8B00F4A29B /* UserView.swift in Sources */,
				54C41DED28936252007B5631 /* CommentView.swift in Sources */,
				54C41DEF28936C4C007B5631 /* CommentMenu.swift in Sources */,
				5410EA87288BC71E00F4A29B /* FireUser.swift in Sources */,
				5410EA85288BC00C00F4A29B /* SignUpView.swift in Sources */,
				5441B58E28DA298A00E545D5 /* SearchedThreadsGroup.swift in Sources */,
				540D2E4D2889775600DBB512 /* CreateCommentView.swift in Sources */,
				548D4B5828DCA6E400677490 /* FloatingActionButton.swift in Sources */,
				540D2E61288985CB00DBB512 /* ThreadRow.swift in Sources */,
				544D591E289249690056C244 /* FireReport.swift in Sources */,
				548D4B5A28DD7A7700677490 /* LatestThreadWithImageSection.swift in Sources */,
				54DC77A0288E4DDB00296419 /* SimpleTabBar.swift in Sources */,
				5441B58828DA240F00E545D5 /* SearchResultsSection.swift in Sources */,
				54C41DF328936DA7007B5631 /* CommentReactionRow.swift in Sources */,
				5410EA83288BBD5900F4A29B /* SignInStateViewModel.swift in Sources */,
				54C41DF128936D1B007B5631 /* CommentImagesRow.swift in Sources */,
				54CE7F70289199A90064F2AF /* ImagePickerView.swift in Sources */,
				54F501BD28E08FB1003282DB /* Notification.swift in Sources */,
				540D2E592889811000DBB512 /* Thread.swift in Sources */,
				54CE7F72289199C90064F2AF /* EditImage.swift in Sources */,
				5441B59028DA309300E545D5 /* ThirdView.swift in Sources */,
				5410EA93288C280F00F4A29B /* FireThread.swift in Sources */,
				5441B58628DA201D00E545D5 /* SearchList.swift in Sources */,
				54C41DF728937059007B5631 /* UserIconImage.swift in Sources */,
				5410EA97288C2FCC00F4A29B /* GuidedTextEditor.swift in Sources */,
				5441B58C28DA289B00E545D5 /* SearchSuggestionsSection.swift in Sources */,
				5441B59228DAA58C00E545D5 /* CommentsLikedByUserGroup.swift in Sources */,
				5441B58A28DA287500E545D5 /* SearchHistorySection.swift in Sources */,
				54FB73D428D989E400B88525 /* SecondView.swift in Sources */,
				54F501BF28E0907B003282DB /* FireNotification.swift in Sources */,
				54F501C328E0942B003282DB /* NotificationsList.swift in Sources */,
				54C41DF528936E9C007B5631 /* CommentThreadTitleRow.swift in Sources */,
				5441B59428DAFC8500E545D5 /* SearchedCommentsGroup.swift in Sources */,
				5441B58028DA0A7F00E545D5 /* RecentlyUsedTagsSection.swift in Sources */,
				544D591C28922AA00056C244 /* CreateReportView.swift in Sources */,
				54CE7F7428921CB10064F2AF /* FireImage.swift in Sources */,
				5410EA89288BCF7600F4A29B /* SignInView.swift in Sources */,
				5410EA91288BEA3900F4A29B /* User.swift in Sources */,
			);
			runOnlyForDeploymentPostprocessing = 0;
		};
/* End PBXSourcesBuildPhase section */

/* Begin PBXVariantGroup section */
		54454E4728D5D6CD008B3B4B /* Localizable.strings */ = {
			isa = PBXVariantGroup;
			children = (
				54454E4628D5D6CD008B3B4B /* en */,
				54454E4828D5D6D1008B3B4B /* ja */,
			);
			name = Localizable.strings;
			sourceTree = "<group>";
		};
/* End PBXVariantGroup section */

/* Begin XCBuildConfiguration section */
		540D2E3E288971AF00DBB512 /* Debug */ = {
			isa = XCBuildConfiguration;
			buildSettings = {
				ALWAYS_SEARCH_USER_PATHS = NO;
				CLANG_ANALYZER_NONNULL = YES;
				CLANG_ANALYZER_NUMBER_OBJECT_CONVERSION = YES_AGGRESSIVE;
				CLANG_CXX_LANGUAGE_STANDARD = "gnu++17";
				CLANG_ENABLE_MODULES = YES;
				CLANG_ENABLE_OBJC_ARC = YES;
				CLANG_ENABLE_OBJC_WEAK = YES;
				CLANG_WARN_BLOCK_CAPTURE_AUTORELEASING = YES;
				CLANG_WARN_BOOL_CONVERSION = YES;
				CLANG_WARN_COMMA = YES;
				CLANG_WARN_CONSTANT_CONVERSION = YES;
				CLANG_WARN_DEPRECATED_OBJC_IMPLEMENTATIONS = YES;
				CLANG_WARN_DIRECT_OBJC_ISA_USAGE = YES_ERROR;
				CLANG_WARN_DOCUMENTATION_COMMENTS = YES;
				CLANG_WARN_EMPTY_BODY = YES;
				CLANG_WARN_ENUM_CONVERSION = YES;
				CLANG_WARN_INFINITE_RECURSION = YES;
				CLANG_WARN_INT_CONVERSION = YES;
				CLANG_WARN_NON_LITERAL_NULL_CONVERSION = YES;
				CLANG_WARN_OBJC_IMPLICIT_RETAIN_SELF = YES;
				CLANG_WARN_OBJC_LITERAL_CONVERSION = YES;
				CLANG_WARN_OBJC_ROOT_CLASS = YES_ERROR;
				CLANG_WARN_QUOTED_INCLUDE_IN_FRAMEWORK_HEADER = YES;
				CLANG_WARN_RANGE_LOOP_ANALYSIS = YES;
				CLANG_WARN_STRICT_PROTOTYPES = YES;
				CLANG_WARN_SUSPICIOUS_MOVE = YES;
				CLANG_WARN_UNGUARDED_AVAILABILITY = YES_AGGRESSIVE;
				CLANG_WARN_UNREACHABLE_CODE = YES;
				CLANG_WARN__DUPLICATE_METHOD_MATCH = YES;
				COPY_PHASE_STRIP = NO;
				DEBUG_INFORMATION_FORMAT = dwarf;
				ENABLE_STRICT_OBJC_MSGSEND = YES;
				ENABLE_TESTABILITY = YES;
				GCC_C_LANGUAGE_STANDARD = gnu11;
				GCC_DYNAMIC_NO_PIC = NO;
				GCC_NO_COMMON_BLOCKS = YES;
				GCC_OPTIMIZATION_LEVEL = 0;
				GCC_PREPROCESSOR_DEFINITIONS = (
					"DEBUG=1",
					"$(inherited)",
				);
				GCC_WARN_64_TO_32_BIT_CONVERSION = YES;
				GCC_WARN_ABOUT_RETURN_TYPE = YES_ERROR;
				GCC_WARN_UNDECLARED_SELECTOR = YES;
				GCC_WARN_UNINITIALIZED_AUTOS = YES_AGGRESSIVE;
				GCC_WARN_UNUSED_FUNCTION = YES;
				GCC_WARN_UNUSED_VARIABLE = YES;
				IPHONEOS_DEPLOYMENT_TARGET = 15.5;
				MTL_ENABLE_DEBUG_INFO = INCLUDE_SOURCE;
				MTL_FAST_MATH = YES;
				ONLY_ACTIVE_ARCH = YES;
				SDKROOT = iphoneos;
				SWIFT_ACTIVE_COMPILATION_CONDITIONS = DEBUG;
				SWIFT_OPTIMIZATION_LEVEL = "-Onone";
			};
			name = Debug;
		};
		540D2E3F288971AF00DBB512 /* Release */ = {
			isa = XCBuildConfiguration;
			buildSettings = {
				ALWAYS_SEARCH_USER_PATHS = NO;
				CLANG_ANALYZER_NONNULL = YES;
				CLANG_ANALYZER_NUMBER_OBJECT_CONVERSION = YES_AGGRESSIVE;
				CLANG_CXX_LANGUAGE_STANDARD = "gnu++17";
				CLANG_ENABLE_MODULES = YES;
				CLANG_ENABLE_OBJC_ARC = YES;
				CLANG_ENABLE_OBJC_WEAK = YES;
				CLANG_WARN_BLOCK_CAPTURE_AUTORELEASING = YES;
				CLANG_WARN_BOOL_CONVERSION = YES;
				CLANG_WARN_COMMA = YES;
				CLANG_WARN_CONSTANT_CONVERSION = YES;
				CLANG_WARN_DEPRECATED_OBJC_IMPLEMENTATIONS = YES;
				CLANG_WARN_DIRECT_OBJC_ISA_USAGE = YES_ERROR;
				CLANG_WARN_DOCUMENTATION_COMMENTS = YES;
				CLANG_WARN_EMPTY_BODY = YES;
				CLANG_WARN_ENUM_CONVERSION = YES;
				CLANG_WARN_INFINITE_RECURSION = YES;
				CLANG_WARN_INT_CONVERSION = YES;
				CLANG_WARN_NON_LITERAL_NULL_CONVERSION = YES;
				CLANG_WARN_OBJC_IMPLICIT_RETAIN_SELF = YES;
				CLANG_WARN_OBJC_LITERAL_CONVERSION = YES;
				CLANG_WARN_OBJC_ROOT_CLASS = YES_ERROR;
				CLANG_WARN_QUOTED_INCLUDE_IN_FRAMEWORK_HEADER = YES;
				CLANG_WARN_RANGE_LOOP_ANALYSIS = YES;
				CLANG_WARN_STRICT_PROTOTYPES = YES;
				CLANG_WARN_SUSPICIOUS_MOVE = YES;
				CLANG_WARN_UNGUARDED_AVAILABILITY = YES_AGGRESSIVE;
				CLANG_WARN_UNREACHABLE_CODE = YES;
				CLANG_WARN__DUPLICATE_METHOD_MATCH = YES;
				COPY_PHASE_STRIP = NO;
				DEBUG_INFORMATION_FORMAT = "dwarf-with-dsym";
				ENABLE_NS_ASSERTIONS = NO;
				ENABLE_STRICT_OBJC_MSGSEND = YES;
				GCC_C_LANGUAGE_STANDARD = gnu11;
				GCC_NO_COMMON_BLOCKS = YES;
				GCC_WARN_64_TO_32_BIT_CONVERSION = YES;
				GCC_WARN_ABOUT_RETURN_TYPE = YES_ERROR;
				GCC_WARN_UNDECLARED_SELECTOR = YES;
				GCC_WARN_UNINITIALIZED_AUTOS = YES_AGGRESSIVE;
				GCC_WARN_UNUSED_FUNCTION = YES;
				GCC_WARN_UNUSED_VARIABLE = YES;
				IPHONEOS_DEPLOYMENT_TARGET = 15.5;
				MTL_ENABLE_DEBUG_INFO = NO;
				MTL_FAST_MATH = YES;
				SDKROOT = iphoneos;
				SWIFT_COMPILATION_MODE = wholemodule;
				SWIFT_OPTIMIZATION_LEVEL = "-O";
				VALIDATE_PRODUCT = YES;
			};
			name = Release;
		};
		540D2E41288971AF00DBB512 /* Debug */ = {
			isa = XCBuildConfiguration;
			buildSettings = {
				ASSETCATALOG_COMPILER_APPICON_NAME = AppIcon;
				ASSETCATALOG_COMPILER_GLOBAL_ACCENT_COLOR_NAME = AccentColor;
				CODE_SIGN_STYLE = Automatic;
				CURRENT_PROJECT_VERSION = 1;
				DEVELOPMENT_ASSET_PATHS = "\"Meetings/Preview Content\"";
				DEVELOPMENT_TEAM = Q56B6L43G2;
				ENABLE_PREVIEWS = YES;
				GENERATE_INFOPLIST_FILE = YES;
				INFOPLIST_KEY_UIApplicationSceneManifest_Generation = YES;
				INFOPLIST_KEY_UIApplicationSupportsIndirectInputEvents = YES;
				INFOPLIST_KEY_UILaunchScreen_Generation = YES;
				INFOPLIST_KEY_UISupportedInterfaceOrientations_iPad = "UIInterfaceOrientationPortrait UIInterfaceOrientationPortraitUpsideDown UIInterfaceOrientationLandscapeLeft UIInterfaceOrientationLandscapeRight";
				INFOPLIST_KEY_UISupportedInterfaceOrientations_iPhone = "UIInterfaceOrientationPortrait UIInterfaceOrientationLandscapeLeft UIInterfaceOrientationLandscapeRight";
				LD_RUNPATH_SEARCH_PATHS = (
					"$(inherited)",
					"@executable_path/Frameworks",
				);
				MARKETING_VERSION = 1.0;
				PRODUCT_BUNDLE_IDENTIFIER = com.example.y.Meetings;
				PRODUCT_NAME = "$(TARGET_NAME)";
				SWIFT_EMIT_LOC_STRINGS = YES;
				SWIFT_VERSION = 5.0;
				TARGETED_DEVICE_FAMILY = "1,2";
			};
			name = Debug;
		};
		540D2E42288971AF00DBB512 /* Release */ = {
			isa = XCBuildConfiguration;
			buildSettings = {
				ASSETCATALOG_COMPILER_APPICON_NAME = AppIcon;
				ASSETCATALOG_COMPILER_GLOBAL_ACCENT_COLOR_NAME = AccentColor;
				CODE_SIGN_STYLE = Automatic;
				CURRENT_PROJECT_VERSION = 1;
				DEVELOPMENT_ASSET_PATHS = "\"Meetings/Preview Content\"";
				DEVELOPMENT_TEAM = Q56B6L43G2;
				ENABLE_PREVIEWS = YES;
				GENERATE_INFOPLIST_FILE = YES;
				INFOPLIST_KEY_UIApplicationSceneManifest_Generation = YES;
				INFOPLIST_KEY_UIApplicationSupportsIndirectInputEvents = YES;
				INFOPLIST_KEY_UILaunchScreen_Generation = YES;
				INFOPLIST_KEY_UISupportedInterfaceOrientations_iPad = "UIInterfaceOrientationPortrait UIInterfaceOrientationPortraitUpsideDown UIInterfaceOrientationLandscapeLeft UIInterfaceOrientationLandscapeRight";
				INFOPLIST_KEY_UISupportedInterfaceOrientations_iPhone = "UIInterfaceOrientationPortrait UIInterfaceOrientationLandscapeLeft UIInterfaceOrientationLandscapeRight";
				LD_RUNPATH_SEARCH_PATHS = (
					"$(inherited)",
					"@executable_path/Frameworks",
				);
				MARKETING_VERSION = 1.0;
				PRODUCT_BUNDLE_IDENTIFIER = com.example.y.Meetings;
				PRODUCT_NAME = "$(TARGET_NAME)";
				SWIFT_EMIT_LOC_STRINGS = YES;
				SWIFT_VERSION = 5.0;
				TARGETED_DEVICE_FAMILY = "1,2";
			};
			name = Release;
		};
/* End XCBuildConfiguration section */

/* Begin XCConfigurationList section */
		540D2E2D288971AE00DBB512 /* Build configuration list for PBXProject "Meetings" */ = {
			isa = XCConfigurationList;
			buildConfigurations = (
				540D2E3E288971AF00DBB512 /* Debug */,
				540D2E3F288971AF00DBB512 /* Release */,
			);
			defaultConfigurationIsVisible = 0;
			defaultConfigurationName = Release;
		};
		540D2E40288971AF00DBB512 /* Build configuration list for PBXNativeTarget "Meetings" */ = {
			isa = XCConfigurationList;
			buildConfigurations = (
				540D2E41288971AF00DBB512 /* Debug */,
				540D2E42288971AF00DBB512 /* Release */,
			);
			defaultConfigurationIsVisible = 0;
			defaultConfigurationName = Release;
		};
/* End XCConfigurationList section */

/* Begin XCRemoteSwiftPackageReference section */
		540D2E4E2889797F00DBB512 /* XCRemoteSwiftPackageReference "firebase-ios-sdk" */ = {
			isa = XCRemoteSwiftPackageReference;
			repositoryURL = "https://github.com/firebase/firebase-ios-sdk.git";
			requirement = {
				branch = master;
				kind = branch;
			};
		};
		54A1F1A828D48C9A00CF05C3 /* XCRemoteSwiftPackageReference "SwiftUI-Introspect" */ = {
			isa = XCRemoteSwiftPackageReference;
			repositoryURL = "https://github.com/siteline/SwiftUI-Introspect";
			requirement = {
				branch = master;
				kind = branch;
			};
		};
		54C3441C288F944E00468A94 /* XCRemoteSwiftPackageReference "SDWebImageSwiftUI" */ = {
			isa = XCRemoteSwiftPackageReference;
			repositoryURL = "https://github.com/SDWebImage/SDWebImageSwiftUI";
			requirement = {
				branch = master;
				kind = branch;
			};
		};
/* End XCRemoteSwiftPackageReference section */

/* Begin XCSwiftPackageProductDependency section */
		540D2E4F2889797F00DBB512 /* FirebaseAuth */ = {
			isa = XCSwiftPackageProductDependency;
			package = 540D2E4E2889797F00DBB512 /* XCRemoteSwiftPackageReference "firebase-ios-sdk" */;
			productName = FirebaseAuth;
		};
		540D2E512889797F00DBB512 /* FirebaseFirestore */ = {
			isa = XCSwiftPackageProductDependency;
			package = 540D2E4E2889797F00DBB512 /* XCRemoteSwiftPackageReference "firebase-ios-sdk" */;
			productName = FirebaseFirestore;
		};
		540D2E532889797F00DBB512 /* FirebaseStorage */ = {
			isa = XCSwiftPackageProductDependency;
			package = 540D2E4E2889797F00DBB512 /* XCRemoteSwiftPackageReference "firebase-ios-sdk" */;
			productName = FirebaseStorage;
		};
		54A1F1A928D48C9A00CF05C3 /* Introspect */ = {
			isa = XCSwiftPackageProductDependency;
			package = 54A1F1A828D48C9A00CF05C3 /* XCRemoteSwiftPackageReference "SwiftUI-Introspect" */;
			productName = Introspect;
		};
		54C3441D288F944E00468A94 /* SDWebImageSwiftUI */ = {
			isa = XCSwiftPackageProductDependency;
			package = 54C3441C288F944E00468A94 /* XCRemoteSwiftPackageReference "SDWebImageSwiftUI" */;
			productName = SDWebImageSwiftUI;
		};
/* End XCSwiftPackageProductDependency section */
	};
	rootObject = 540D2E2A288971AE00DBB512 /* Project object */;
}
